
Microsoft Visual Studio Solution File, Format Version 12.00
# Visual Studio Version 16
VisualStudioVersion = 16.0.33920.266
MinimumVisualStudioVersion = 10.0.40219.1
Project("{FAE04EC0-301F-11D3-BF4B-00C04F79EFBC}") = "myWebAPI", "myWebAPI\myWebAPI.csproj", "{1263EF91-1CF9-4D25-83B6-21D9D5357202}"
EndProject
Global
	GlobalSection(SolutionConfigurationPlatforms) = preSolution
		Debug|Any CPU = Debug|Any CPU
		Release|Any CPU = Release|Any CPU
	EndGlobalSection
	GlobalSection(ProjectConfigurationPlatforms) = postSolution
		{1263EF91-1CF9-4D25-83B6-21D9D5357202}.Debug|Any CPU.ActiveCfg = Debug|Any CPU
		{1263EF91-1CF9-4D25-83B6-21D9D5357202}.Debug|Any CPU.Build.0 = Debug|Any CPU
		{1263EF91-1CF9-4D25-83B6-21D9D5357202}.Release|Any CPU.ActiveCfg = Release|Any CPU
		{1263EF91-1CF9-4D25-83B6-21D9D5357202}.Release|Any CPU.Build.0 = Release|Any CPU
	EndGlobalSection
	GlobalSection(SolutionProperties) = preSolution
		HideSolutionNode = FALSE
	EndGlobalSection
	GlobalSection(ExtensibilityGlobals) = postSolution
		SolutionGuid = {150F755E-B6F2-4C9F-9CD7-C0FA3FD95ADA}
	EndGlobalSection
EndGlobal
